// !$*UTF8*$!
{
	archiveVersion = 1;
	classes = {
	};
	objectVersion = 50;
	objects = {

/* Begin PBXBuildFile section */
		32402A82277B9C06004CDDE5 /* EventListCoordinator.swift in Sources */ = {isa = PBXBuildFile; fileRef = 32402A81277B9C06004CDDE5 /* EventListCoordinator.swift */; };
		32402A86277B9FB7004CDDE5 /* EventListViewController.swift in Sources */ = {isa = PBXBuildFile; fileRef = 32402A85277B9FB7004CDDE5 /* EventListViewController.swift */; };
		32402A8C277BA713004CDDE5 /* UIColor+Extension.swift in Sources */ = {isa = PBXBuildFile; fileRef = 32402A8B277BA713004CDDE5 /* UIColor+Extension.swift */; };
		3253962027833BB000CAE8C2 /* AddEventCoordinator.swift in Sources */ = {isa = PBXBuildFile; fileRef = 3253961F27833BB000CAE8C2 /* AddEventCoordinator.swift */; };
		329E52EE2783353300E25570 /* EventListViewModel.swift in Sources */ = {isa = PBXBuildFile; fileRef = 329E52ED2783353300E25570 /* EventListViewModel.swift */; };
		32AF21C2277B85FF0070FB01 /* AppDelegate.swift in Sources */ = {isa = PBXBuildFile; fileRef = 32AF21C1277B85FF0070FB01 /* AppDelegate.swift */; };
		32AF21C4277B85FF0070FB01 /* SceneDelegate.swift in Sources */ = {isa = PBXBuildFile; fileRef = 32AF21C3277B85FF0070FB01 /* SceneDelegate.swift */; };
		32AF21C9277B85FF0070FB01 /* Main.storyboard in Resources */ = {isa = PBXBuildFile; fileRef = 32AF21C7277B85FF0070FB01 /* Main.storyboard */; };
		32AF21CB277B86000070FB01 /* Assets.xcassets in Resources */ = {isa = PBXBuildFile; fileRef = 32AF21CA277B86000070FB01 /* Assets.xcassets */; };
		32AF21CE277B86000070FB01 /* LaunchScreen.storyboard in Resources */ = {isa = PBXBuildFile; fileRef = 32AF21CC277B86000070FB01 /* LaunchScreen.storyboard */; };
		32AF21D7277B861A0070FB01 /* AppCoordinator.swift in Sources */ = {isa = PBXBuildFile; fileRef = 32AF21D6277B861A0070FB01 /* AppCoordinator.swift */; };
		32EE9EA027832BBB00AF0CC1 /* EventsApp.xcdatamodeld in Sources */ = {isa = PBXBuildFile; fileRef = 32EE9E9E27832BBB00AF0CC1 /* EventsApp.xcdatamodeld */; };
		32EE9EA327832CC200AF0CC1 /* CoreDataManager.swift in Sources */ = {isa = PBXBuildFile; fileRef = 32EE9EA227832CC200AF0CC1 /* CoreDataManager.swift */; };
		32F987DD278346F600D7D238 /* AddEventViewController.swift in Sources */ = {isa = PBXBuildFile; fileRef = 32F987DC278346F600D7D238 /* AddEventViewController.swift */; };
		32F987E02783478A00D7D238 /* UIViewController+Extensions.swift in Sources */ = {isa = PBXBuildFile; fileRef = 32F987DF2783478A00D7D238 /* UIViewController+Extensions.swift */; };
		32F987E3278348BE00D7D238 /* AddEventViewModel.swift in Sources */ = {isa = PBXBuildFile; fileRef = 32F987E2278348BE00D7D238 /* AddEventViewModel.swift */; };
/* End PBXBuildFile section */

/* Begin PBXFileReference section */
		32402A81277B9C06004CDDE5 /* EventListCoordinator.swift */ = {isa = PBXFileReference; lastKnownFileType = sourcecode.swift; path = EventListCoordinator.swift; sourceTree = "<group>"; };
		32402A85277B9FB7004CDDE5 /* EventListViewController.swift */ = {isa = PBXFileReference; lastKnownFileType = sourcecode.swift; path = EventListViewController.swift; sourceTree = "<group>"; };
		32402A8B277BA713004CDDE5 /* UIColor+Extension.swift */ = {isa = PBXFileReference; lastKnownFileType = sourcecode.swift; path = "UIColor+Extension.swift"; sourceTree = "<group>"; };
		3253961F27833BB000CAE8C2 /* AddEventCoordinator.swift */ = {isa = PBXFileReference; lastKnownFileType = sourcecode.swift; path = AddEventCoordinator.swift; sourceTree = "<group>"; };
		329E52ED2783353300E25570 /* EventListViewModel.swift */ = {isa = PBXFileReference; lastKnownFileType = sourcecode.swift; path = EventListViewModel.swift; sourceTree = "<group>"; };
		32AF21BE277B85FF0070FB01 /* EventsManager.app */ = {isa = PBXFileReference; explicitFileType = wrapper.application; includeInIndex = 0; path = EventsManager.app; sourceTree = BUILT_PRODUCTS_DIR; };
		32AF21C1277B85FF0070FB01 /* AppDelegate.swift */ = {isa = PBXFileReference; lastKnownFileType = sourcecode.swift; path = AppDelegate.swift; sourceTree = "<group>"; };
		32AF21C3277B85FF0070FB01 /* SceneDelegate.swift */ = {isa = PBXFileReference; lastKnownFileType = sourcecode.swift; path = SceneDelegate.swift; sourceTree = "<group>"; };
		32AF21C8277B85FF0070FB01 /* Base */ = {isa = PBXFileReference; lastKnownFileType = file.storyboard; name = Base; path = Base.lproj/Main.storyboard; sourceTree = "<group>"; };
		32AF21CA277B86000070FB01 /* Assets.xcassets */ = {isa = PBXFileReference; lastKnownFileType = folder.assetcatalog; path = Assets.xcassets; sourceTree = "<group>"; };
		32AF21CD277B86000070FB01 /* Base */ = {isa = PBXFileReference; lastKnownFileType = file.storyboard; name = Base; path = Base.lproj/LaunchScreen.storyboard; sourceTree = "<group>"; };
		32AF21CF277B86000070FB01 /* Info.plist */ = {isa = PBXFileReference; lastKnownFileType = text.plist.xml; path = Info.plist; sourceTree = "<group>"; };
		32AF21D6277B861A0070FB01 /* AppCoordinator.swift */ = {isa = PBXFileReference; lastKnownFileType = sourcecode.swift; path = AppCoordinator.swift; sourceTree = "<group>"; };
		32EE9E9F27832BBB00AF0CC1 /* EventsApp.xcdatamodel */ = {isa = PBXFileReference; lastKnownFileType = wrapper.xcdatamodel; path = EventsApp.xcdatamodel; sourceTree = "<group>"; };
		32EE9EA227832CC200AF0CC1 /* CoreDataManager.swift */ = {isa = PBXFileReference; lastKnownFileType = sourcecode.swift; path = CoreDataManager.swift; sourceTree = "<group>"; };
		32F987DC278346F600D7D238 /* AddEventViewController.swift */ = {isa = PBXFileReference; lastKnownFileType = sourcecode.swift; path = AddEventViewController.swift; sourceTree = "<group>"; };
		32F987DF2783478A00D7D238 /* UIViewController+Extensions.swift */ = {isa = PBXFileReference; lastKnownFileType = sourcecode.swift; path = "UIViewController+Extensions.swift"; sourceTree = "<group>"; };
		32F987E2278348BE00D7D238 /* AddEventViewModel.swift */ = {isa = PBXFileReference; lastKnownFileType = sourcecode.swift; path = AddEventViewModel.swift; sourceTree = "<group>"; };
/* End PBXFileReference section */

/* Begin PBXFrameworksBuildPhase section */
		32AF21BB277B85FF0070FB01 /* Frameworks */ = {
			isa = PBXFrameworksBuildPhase;
			buildActionMask = 2147483647;
			files = (
			);
			runOnlyForDeploymentPostprocessing = 0;
		};
/* End PBXFrameworksBuildPhase section */

/* Begin PBXGroup section */
		32539623278341B000CAE8C2 /* ViewModel */ = {
			isa = PBXGroup;
			children = (
				329E52ED2783353300E25570 /* EventListViewModel.swift */,
				32F987E2278348BE00D7D238 /* AddEventViewModel.swift */,
			);
			path = ViewModel;
			sourceTree = "<group>";
		};
		32AF21B5277B85FF0070FB01 = {
			isa = PBXGroup;
			children = (
				32AF21C0277B85FF0070FB01 /* EventsManager */,
				32AF21BF277B85FF0070FB01 /* Products */,
			);
			sourceTree = "<group>";
		};
		32AF21BF277B85FF0070FB01 /* Products */ = {
			isa = PBXGroup;
			children = (
				32AF21BE277B85FF0070FB01 /* EventsManager.app */,
			);
			name = Products;
			sourceTree = "<group>";
		};
		32AF21C0277B85FF0070FB01 /* EventsManager */ = {
			isa = PBXGroup;
			children = (
				32AF21C1277B85FF0070FB01 /* AppDelegate.swift */,
				32AF21C3277B85FF0070FB01 /* SceneDelegate.swift */,
				32EE9EA52783319E00AF0CC1 /* Controllers */,
				32539623278341B000CAE8C2 /* ViewModel */,
				32EE9EA7278331B200AF0CC1 /* Coordinators */,
				32EE9EA6278331A400AF0CC1 /* Extensions */,
				32AF21C7277B85FF0070FB01 /* Main.storyboard */,
				32AF21CA277B86000070FB01 /* Assets.xcassets */,
				32F987DA2783469D00D7D238 /* CoreDataManager */,
				32AF21CC277B86000070FB01 /* LaunchScreen.storyboard */,
				32AF21CF277B86000070FB01 /* Info.plist */,
				32EE9E9E27832BBB00AF0CC1 /* EventsApp.xcdatamodeld */,
			);
			path = EventsManager;
			sourceTree = "<group>";
		};
		32EE9EA52783319E00AF0CC1 /* Controllers */ = {
			isa = PBXGroup;
			children = (
				32402A85277B9FB7004CDDE5 /* EventListViewController.swift */,
				32F987DC278346F600D7D238 /* AddEventViewController.swift */,
			);
			path = Controllers;
			sourceTree = "<group>";
		};
		32EE9EA6278331A400AF0CC1 /* Extensions */ = {
			isa = PBXGroup;
			children = (
				32402A8B277BA713004CDDE5 /* UIColor+Extension.swift */,
				32F987DF2783478A00D7D238 /* UIViewController+Extensions.swift */,
			);
			path = Extensions;
			sourceTree = "<group>";
		};
		32EE9EA7278331B200AF0CC1 /* Coordinators */ = {
			isa = PBXGroup;
			children = (
				32AF21D6277B861A0070FB01 /* AppCoordinator.swift */,
				32402A81277B9C06004CDDE5 /* EventListCoordinator.swift */,
				3253961F27833BB000CAE8C2 /* AddEventCoordinator.swift */,
			);
			path = Coordinators;
			sourceTree = "<group>";
		};
		32F987DA2783469D00D7D238 /* CoreDataManager */ = {
			isa = PBXGroup;
			children = (
				32EE9EA227832CC200AF0CC1 /* CoreDataManager.swift */,
			);
			path = CoreDataManager;
			sourceTree = "<group>";
		};
/* End PBXGroup section */

/* Begin PBXNativeTarget section */
		32AF21BD277B85FF0070FB01 /* EventsManager */ = {
			isa = PBXNativeTarget;
			buildConfigurationList = 32AF21D2277B86000070FB01 /* Build configuration list for PBXNativeTarget "EventsManager" */;
			buildPhases = (
				32AF21BA277B85FF0070FB01 /* Sources */,
				32AF21BB277B85FF0070FB01 /* Frameworks */,
				32AF21BC277B85FF0070FB01 /* Resources */,
			);
			buildRules = (
			);
			dependencies = (
			);
			name = EventsManager;
			productName = EventsManager;
			productReference = 32AF21BE277B85FF0070FB01 /* EventsManager.app */;
			productType = "com.apple.product-type.application";
		};
/* End PBXNativeTarget section */

/* Begin PBXProject section */
		32AF21B6277B85FF0070FB01 /* Project object */ = {
			isa = PBXProject;
			attributes = {
				LastSwiftUpdateCheck = 1240;
				LastUpgradeCheck = 1240;
				TargetAttributes = {
					32AF21BD277B85FF0070FB01 = {
						CreatedOnToolsVersion = 12.4;
					};
				};
			};
			buildConfigurationList = 32AF21B9277B85FF0070FB01 /* Build configuration list for PBXProject "EventsManager" */;
			compatibilityVersion = "Xcode 9.3";
			developmentRegion = en;
			hasScannedForEncodings = 0;
			knownRegions = (
				en,
				Base,
			);
			mainGroup = 32AF21B5277B85FF0070FB01;
			productRefGroup = 32AF21BF277B85FF0070FB01 /* Products */;
			projectDirPath = "";
			projectRoot = "";
			targets = (
				32AF21BD277B85FF0070FB01 /* EventsManager */,
			);
		};
/* End PBXProject section */

/* Begin PBXResourcesBuildPhase section */
		32AF21BC277B85FF0070FB01 /* Resources */ = {
			isa = PBXResourcesBuildPhase;
			buildActionMask = 2147483647;
			files = (
				32AF21CE277B86000070FB01 /* LaunchScreen.storyboard in Resources */,
				32AF21CB277B86000070FB01 /* Assets.xcassets in Resources */,
				32AF21C9277B85FF0070FB01 /* Main.storyboard in Resources */,
			);
			runOnlyForDeploymentPostprocessing = 0;
		};
/* End PBXResourcesBuildPhase section */

/* Begin PBXSourcesBuildPhase section */
		32AF21BA277B85FF0070FB01 /* Sources */ = {
			isa = PBXSourcesBuildPhase;
			buildActionMask = 2147483647;
			files = (
				32402A8C277BA713004CDDE5 /* UIColor+Extension.swift in Sources */,
				32AF21D7277B861A0070FB01 /* AppCoordinator.swift in Sources */,
				32402A86277B9FB7004CDDE5 /* EventListViewController.swift in Sources */,
				32F987E3278348BE00D7D238 /* AddEventViewModel.swift in Sources */,
				32EE9EA027832BBB00AF0CC1 /* EventsApp.xcdatamodeld in Sources */,
				32F987E02783478A00D7D238 /* UIViewController+Extensions.swift in Sources */,
				32AF21C2277B85FF0070FB01 /* AppDelegate.swift in Sources */,
				3253962027833BB000CAE8C2 /* AddEventCoordinator.swift in Sources */,
				32EE9EA327832CC200AF0CC1 /* CoreDataManager.swift in Sources */,
				32F987DD278346F600D7D238 /* AddEventViewController.swift in Sources */,
				329E52EE2783353300E25570 /* EventListViewModel.swift in Sources */,
				32AF21C4277B85FF0070FB01 /* SceneDelegate.swift in Sources */,
				32402A82277B9C06004CDDE5 /* EventListCoordinator.swift in Sources */,
			);
			runOnlyForDeploymentPostprocessing = 0;
		};
/* End PBXSourcesBuildPhase section */

/* Begin PBXVariantGroup section */
		32AF21C7277B85FF0070FB01 /* Main.storyboard */ = {
			isa = PBXVariantGroup;
			children = (
				32AF21C8277B85FF0070FB01 /* Base */,
			);
			name = Main.storyboard;
			sourceTree = "<group>";
		};
		32AF21CC277B86000070FB01 /* LaunchScreen.storyboard */ = {
			isa = PBXVariantGroup;
			children = (
				32AF21CD277B86000070FB01 /* Base */,
			);
			name = LaunchScreen.storyboard;
			sourceTree = "<group>";
		};
/* End PBXVariantGroup section */

/* Begin XCBuildConfiguration section */
		32AF21D0277B86000070FB01 /* Debug */ = {
			isa = XCBuildConfiguration;
			buildSettings = {
				ALWAYS_SEARCH_USER_PATHS = NO;
				CLANG_ANALYZER_NONNULL = YES;
				CLANG_ANALYZER_NUMBER_OBJECT_CONVERSION = YES_AGGRESSIVE;
				CLANG_CXX_LANGUAGE_STANDARD = "gnu++14";
				CLANG_CXX_LIBRARY = "libc++";
				CLANG_ENABLE_MODULES = YES;
				CLANG_ENABLE_OBJC_ARC = YES;
				CLANG_ENABLE_OBJC_WEAK = YES;
				CLANG_WARN_BLOCK_CAPTURE_AUTORELEASING = YES;
				CLANG_WARN_BOOL_CONVERSION = YES;
				CLANG_WARN_COMMA = YES;
				CLANG_WARN_CONSTANT_CONVERSION = YES;
				CLANG_WARN_DEPRECATED_OBJC_IMPLEMENTATIONS = YES;
				CLANG_WARN_DIRECT_OBJC_ISA_USAGE = YES_ERROR;
				CLANG_WARN_DOCUMENTATION_COMMENTS = YES;
				CLANG_WARN_EMPTY_BODY = YES;
				CLANG_WARN_ENUM_CONVERSION = YES;
				CLANG_WARN_INFINITE_RECURSION = YES;
				CLANG_WARN_INT_CONVERSION = YES;
				CLANG_WARN_NON_LITERAL_NULL_CONVERSION = YES;
				CLANG_WARN_OBJC_IMPLICIT_RETAIN_SELF = YES;
				CLANG_WARN_OBJC_LITERAL_CONVERSION = YES;
				CLANG_WARN_OBJC_ROOT_CLASS = YES_ERROR;
				CLANG_WARN_QUOTED_INCLUDE_IN_FRAMEWORK_HEADER = YES;
				CLANG_WARN_RANGE_LOOP_ANALYSIS = YES;
				CLANG_WARN_STRICT_PROTOTYPES = YES;
				CLANG_WARN_SUSPICIOUS_MOVE = YES;
				CLANG_WARN_UNGUARDED_AVAILABILITY = YES_AGGRESSIVE;
				CLANG_WARN_UNREACHABLE_CODE = YES;
				CLANG_WARN__DUPLICATE_METHOD_MATCH = YES;
				COPY_PHASE_STRIP = NO;
				DEBUG_INFORMATION_FORMAT = dwarf;
				ENABLE_STRICT_OBJC_MSGSEND = YES;
				ENABLE_TESTABILITY = YES;
				GCC_C_LANGUAGE_STANDARD = gnu11;
				GCC_DYNAMIC_NO_PIC = NO;
				GCC_NO_COMMON_BLOCKS = YES;
				GCC_OPTIMIZATION_LEVEL = 0;
				GCC_PREPROCESSOR_DEFINITIONS = (
					"DEBUG=1",
					"$(inherited)",
				);
				GCC_WARN_64_TO_32_BIT_CONVERSION = YES;
				GCC_WARN_ABOUT_RETURN_TYPE = YES_ERROR;
				GCC_WARN_UNDECLARED_SELECTOR = YES;
				GCC_WARN_UNINITIALIZED_AUTOS = YES_AGGRESSIVE;
				GCC_WARN_UNUSED_FUNCTION = YES;
				GCC_WARN_UNUSED_VARIABLE = YES;
				IPHONEOS_DEPLOYMENT_TARGET = 14.4;
				MTL_ENABLE_DEBUG_INFO = INCLUDE_SOURCE;
				MTL_FAST_MATH = YES;
				ONLY_ACTIVE_ARCH = YES;
				SDKROOT = iphoneos;
				SWIFT_ACTIVE_COMPILATION_CONDITIONS = DEBUG;
				SWIFT_OPTIMIZATION_LEVEL = "-Onone";
			};
			name = Debug;
		};
		32AF21D1277B86000070FB01 /* Release */ = {
			isa = XCBuildConfiguration;
			buildSettings = {
				ALWAYS_SEARCH_USER_PATHS = NO;
				CLANG_ANALYZER_NONNULL = YES;
				CLANG_ANALYZER_NUMBER_OBJECT_CONVERSION = YES_AGGRESSIVE;
				CLANG_CXX_LANGUAGE_STANDARD = "gnu++14";
				CLANG_CXX_LIBRARY = "libc++";
				CLANG_ENABLE_MODULES = YES;
				CLANG_ENABLE_OBJC_ARC = YES;
				CLANG_ENABLE_OBJC_WEAK = YES;
				CLANG_WARN_BLOCK_CAPTURE_AUTORELEASING = YES;
				CLANG_WARN_BOOL_CONVERSION = YES;
				CLANG_WARN_COMMA = YES;
				CLANG_WARN_CONSTANT_CONVERSION = YES;
				CLANG_WARN_DEPRECATED_OBJC_IMPLEMENTATIONS = YES;
				CLANG_WARN_DIRECT_OBJC_ISA_USAGE = YES_ERROR;
				CLANG_WARN_DOCUMENTATION_COMMENTS = YES;
				CLANG_WARN_EMPTY_BODY = YES;
				CLANG_WARN_ENUM_CONVERSION = YES;
				CLANG_WARN_INFINITE_RECURSION = YES;
				CLANG_WARN_INT_CONVERSION = YES;
				CLANG_WARN_NON_LITERAL_NULL_CONVERSION = YES;
				CLANG_WARN_OBJC_IMPLICIT_RETAIN_SELF = YES;
				CLANG_WARN_OBJC_LITERAL_CONVERSION = YES;
				CLANG_WARN_OBJC_ROOT_CLASS = YES_ERROR;
				CLANG_WARN_QUOTED_INCLUDE_IN_FRAMEWORK_HEADER = YES;
				CLANG_WARN_RANGE_LOOP_ANALYSIS = YES;
				CLANG_WARN_STRICT_PROTOTYPES = YES;
				CLANG_WARN_SUSPICIOUS_MOVE = YES;
				CLANG_WARN_UNGUARDED_AVAILABILITY = YES_AGGRESSIVE;
				CLANG_WARN_UNREACHABLE_CODE = YES;
				CLANG_WARN__DUPLICATE_METHOD_MATCH = YES;
				COPY_PHASE_STRIP = NO;
				DEBUG_INFORMATION_FORMAT = "dwarf-with-dsym";
				ENABLE_NS_ASSERTIONS = NO;
				ENABLE_STRICT_OBJC_MSGSEND = YES;
				GCC_C_LANGUAGE_STANDARD = gnu11;
				GCC_NO_COMMON_BLOCKS = YES;
				GCC_WARN_64_TO_32_BIT_CONVERSION = YES;
				GCC_WARN_ABOUT_RETURN_TYPE = YES_ERROR;
				GCC_WARN_UNDECLARED_SELECTOR = YES;
				GCC_WARN_UNINITIALIZED_AUTOS = YES_AGGRESSIVE;
				GCC_WARN_UNUSED_FUNCTION = YES;
				GCC_WARN_UNUSED_VARIABLE = YES;
				IPHONEOS_DEPLOYMENT_TARGET = 14.4;
				MTL_ENABLE_DEBUG_INFO = NO;
				MTL_FAST_MATH = YES;
				SDKROOT = iphoneos;
				SWIFT_COMPILATION_MODE = wholemodule;
				SWIFT_OPTIMIZATION_LEVEL = "-O";
				VALIDATE_PRODUCT = YES;
			};
			name = Release;
		};
		32AF21D3277B86000070FB01 /* Debug */ = {
			isa = XCBuildConfiguration;
			buildSettings = {
				ASSETCATALOG_COMPILER_APPICON_NAME = AppIcon;
				ASSETCATALOG_COMPILER_GLOBAL_ACCENT_COLOR_NAME = AccentColor;
				CODE_SIGN_STYLE = Automatic;
				DEVELOPMENT_TEAM = R6AZ426NSP;
				INFOPLIST_FILE = EventsManager/Info.plist;
				LD_RUNPATH_SEARCH_PATHS = (
					"$(inherited)",
					"@executable_path/Frameworks",
				);
				PRODUCT_BUNDLE_IDENTIFIER = "ru.yatsyuk.dev-mail.EventsManager";
				PRODUCT_NAME = "$(TARGET_NAME)";
				SWIFT_VERSION = 5.0;
				TARGETED_DEVICE_FAMILY = "1,2";
			};
			name = Debug;
		};
		32AF21D4277B86000070FB01 /* Release */ = {
			isa = XCBuildConfiguration;
			buildSettings = {
				ASSETCATALOG_COMPILER_APPICON_NAME = AppIcon;
				ASSETCATALOG_COMPILER_GLOBAL_ACCENT_COLOR_NAME = AccentColor;
				CODE_SIGN_STYLE = Automatic;
				DEVELOPMENT_TEAM = R6AZ426NSP;
				INFOPLIST_FILE = EventsManager/Info.plist;
				LD_RUNPATH_SEARCH_PATHS = (
					"$(inherited)",
					"@executable_path/Frameworks",
				);
				PRODUCT_BUNDLE_IDENTIFIER = "ru.yatsyuk.dev-mail.EventsManager";
				PRODUCT_NAME = "$(TARGET_NAME)";
				SWIFT_VERSION = 5.0;
				TARGETED_DEVICE_FAMILY = "1,2";
			};
			name = Release;
		};
/* End XCBuildConfiguration section */

/* Begin XCConfigurationList section */
		32AF21B9277B85FF0070FB01 /* Build configuration list for PBXProject "EventsManager" */ = {
			isa = XCConfigurationList;
			buildConfigurations = (
				32AF21D0277B86000070FB01 /* Debug */,
				32AF21D1277B86000070FB01 /* Release */,
			);
			defaultConfigurationIsVisible = 0;
			defaultConfigurationName = Release;
		};
		32AF21D2277B86000070FB01 /* Build configuration list for PBXNativeTarget "EventsManager" */ = {
			isa = XCConfigurationList;
			buildConfigurations = (
				32AF21D3277B86000070FB01 /* Debug */,
				32AF21D4277B86000070FB01 /* Release */,
			);
			defaultConfigurationIsVisible = 0;
			defaultConfigurationName = Release;
		};
/* End XCConfigurationList section */

/* Begin XCVersionGroup section */
		32EE9E9E27832BBB00AF0CC1 /* EventsApp.xcdatamodeld */ = {
			isa = XCVersionGroup;
			children = (
				32EE9E9F27832BBB00AF0CC1 /* EventsApp.xcdatamodel */,
			);
			currentVersion = 32EE9E9F27832BBB00AF0CC1 /* EventsApp.xcdatamodel */;
			path = EventsApp.xcdatamodeld;
			sourceTree = "<group>";
			versionGroupType = wrapper.xcdatamodel;
		};
/* End XCVersionGroup section */
	};
	rootObject = 32AF21B6277B85FF0070FB01 /* Project object */;
}
